
Microsoft Visual Studio Solution File, Format Version 12.00
# Visual Studio Version 16
VisualStudioVersion = 16.0.30804.86
MinimumVisualStudioVersion = 10.0.40219.1
Project("{888888A0-9F3D-457C-B088-3A5042F75D52}") = "Poker", "Poker\Poker.pyproj", "{13B5E8B8-CC0F-4CF1-96F4-7E03149C31E6}"
EndProject
Global
	GlobalSection(SolutionConfigurationPlatforms) = preSolution
		Debug|Any CPU = Debug|Any CPU
		Release|Any CPU = Release|Any CPU
	EndGlobalSection
	GlobalSection(ProjectConfigurationPlatforms) = postSolution
		{13B5E8B8-CC0F-4CF1-96F4-7E03149C31E6}.Debug|Any CPU.ActiveCfg = Debug|Any CPU
		{13B5E8B8-CC0F-4CF1-96F4-7E03149C31E6}.Release|Any CPU.ActiveCfg = Release|Any CPU
	EndGlobalSection
	GlobalSection(SolutionProperties) = preSolution
		HideSolutionNode = FALSE
	EndGlobalSection
	GlobalSection(ExtensibilityGlobals) = postSolution
		SolutionGuid = {FD57A3FE-132C-464C-B664-4DAE02678FB0}
	EndGlobalSection
EndGlobal
